
Microsoft Visual Studio Solution File, Format Version 12.00
# Visual Studio Version 17
VisualStudioVersion = 17.13.35919.96
MinimumVisualStudioVersion = 10.0.40219.1
Project("{FAE04EC0-301F-11D3-BF4B-00C04F79EFBC}") = "AuthPrototype", "AuthPrototype\AuthPrototype.csproj", "{A0845E3D-C08B-1312-B267-CE668E6613EB}"
EndProject
Project("{FAE04EC0-301F-11D3-BF4B-00C04F79EFBC}") = "AuthPrototype.Tests", "AuthPrototype.Tests\AuthPrototype.Tests.csproj", "{76E79762-2EA4-4DC9-BFD7-1B7209CF3F7C}"
EndProject
Global
	GlobalSection(SolutionConfigurationPlatforms) = preSolution
		Debug|Any CPU = Debug|Any CPU
		Release|Any CPU = Release|Any CPU
	EndGlobalSection
	GlobalSection(ProjectConfigurationPlatforms) = postSolution
		{A0845E3D-C08B-1312-B267-CE668E6613EB}.Debug|Any CPU.ActiveCfg = Debug|Any CPU
		{A0845E3D-C08B-1312-B267-CE668E6613EB}.Debug|Any CPU.Build.0 = Debug|Any CPU
		{A0845E3D-C08B-1312-B267-CE668E6613EB}.Release|Any CPU.ActiveCfg = Release|Any CPU
		{A0845E3D-C08B-1312-B267-CE668E6613EB}.Release|Any CPU.Build.0 = Release|Any CPU
		{76E79762-2EA4-4DC9-BFD7-1B7209CF3F7C}.Debug|Any CPU.ActiveCfg = Debug|Any CPU
		{76E79762-2EA4-4DC9-BFD7-1B7209CF3F7C}.Debug|Any CPU.Build.0 = Debug|Any CPU
		{76E79762-2EA4-4DC9-BFD7-1B7209CF3F7C}.Release|Any CPU.ActiveCfg = Release|Any CPU
		{76E79762-2EA4-4DC9-BFD7-1B7209CF3F7C}.Release|Any CPU.Build.0 = Release|Any CPU
	EndGlobalSection
	GlobalSection(SolutionProperties) = preSolution
		HideSolutionNode = FALSE
	EndGlobalSection
	GlobalSection(ExtensibilityGlobals) = postSolution
		SolutionGuid = {152F9CDC-9D91-429B-A535-FC9C2610EB31}
	EndGlobalSection
EndGlobal
